
Microsoft Visual Studio Solution File, Format Version 12.00
# Visual Studio Version 16
VisualStudioVersion = 16.0.30011.22
MinimumVisualStudioVersion = 10.0.40219.1
Project("{9A19103F-16F7-4668-BE54-9A1E7A4F7556}") = "NetDevPack", "src\NetDevPack\NetDevPack.csproj", "{C8D056D9-08B8-49D0-BD48-CBFFAE27B2BD}"
EndProject
Project("{2150E333-8FDC-42A3-9474-1A3956D46DE8}") = "Pack", "Pack", "{1A591FD4-7377-4F2B-852E-91779D261E6B}"
EndProject
Project("{2150E333-8FDC-42A3-9474-1A3956D46DE8}") = "Tests", "Tests", "{7D552CED-A2B4-41DC-ADFE-92BC7CF0394A}"
EndProject
Project("{9A19103F-16F7-4668-BE54-9A1E7A4F7556}") = "NetDevPack.Tests", "tests\NetDevPack.Tests\NetDevPack.Tests.csproj", "{5B636144-1001-4800-ADAE-779C4CD3F90B}"
EndProject
Project("{2150E333-8FDC-42A3-9474-1A3956D46DE8}") = "Performance", "Performance", "{B34E36E6-0EBC-41A9-A4B9-3B5DEDC41F3D}"
EndProject
Project("{9A19103F-16F7-4668-BE54-9A1E7A4F7556}") = "NetDevPack.Perf", "src\NetDevPack.Perf\NetDevPack.Perf.csproj", "{615EA66B-AE0A-4D89-ABEE-603C06D5148F}"
EndProject
Global
	GlobalSection(SolutionConfigurationPlatforms) = preSolution
		Debug|Any CPU = Debug|Any CPU
		Release|Any CPU = Release|Any CPU
	EndGlobalSection
	GlobalSection(ProjectConfigurationPlatforms) = postSolution
		{C8D056D9-08B8-49D0-BD48-CBFFAE27B2BD}.Debug|Any CPU.ActiveCfg = Debug|Any CPU
		{C8D056D9-08B8-49D0-BD48-CBFFAE27B2BD}.Debug|Any CPU.Build.0 = Debug|Any CPU
		{C8D056D9-08B8-49D0-BD48-CBFFAE27B2BD}.Release|Any CPU.ActiveCfg = Release|Any CPU
		{C8D056D9-08B8-49D0-BD48-CBFFAE27B2BD}.Release|Any CPU.Build.0 = Release|Any CPU
		{5B636144-1001-4800-ADAE-779C4CD3F90B}.Debug|Any CPU.ActiveCfg = Debug|Any CPU
		{5B636144-1001-4800-ADAE-779C4CD3F90B}.Debug|Any CPU.Build.0 = Debug|Any CPU
		{5B636144-1001-4800-ADAE-779C4CD3F90B}.Release|Any CPU.ActiveCfg = Release|Any CPU
		{5B636144-1001-4800-ADAE-779C4CD3F90B}.Release|Any CPU.Build.0 = Release|Any CPU
		{615EA66B-AE0A-4D89-ABEE-603C06D5148F}.Debug|Any CPU.ActiveCfg = Debug|Any CPU
		{615EA66B-AE0A-4D89-ABEE-603C06D5148F}.Debug|Any CPU.Build.0 = Debug|Any CPU
		{615EA66B-AE0A-4D89-ABEE-603C06D5148F}.Release|Any CPU.ActiveCfg = Release|Any CPU
		{615EA66B-AE0A-4D89-ABEE-603C06D5148F}.Release|Any CPU.Build.0 = Release|Any CPU
	EndGlobalSection
	GlobalSection(SolutionProperties) = preSolution
		HideSolutionNode = FALSE
	EndGlobalSection
	GlobalSection(NestedProjects) = preSolution
		{C8D056D9-08B8-49D0-BD48-CBFFAE27B2BD} = {1A591FD4-7377-4F2B-852E-91779D261E6B}
		{5B636144-1001-4800-ADAE-779C4CD3F90B} = {7D552CED-A2B4-41DC-ADFE-92BC7CF0394A}
		{615EA66B-AE0A-4D89-ABEE-603C06D5148F} = {B34E36E6-0EBC-41A9-A4B9-3B5DEDC41F3D}
	EndGlobalSection
	GlobalSection(ExtensibilityGlobals) = postSolution
		SolutionGuid = {7341FCB4-88B5-4941-8320-9A39D9E8934E}
	EndGlobalSection
EndGlobal
