
Microsoft Visual Studio Solution File, Format Version 12.00
# Visual Studio Version 16
VisualStudioVersion = 16.0.30011.22
MinimumVisualStudioVersion = 10.0.40219.1
Project("{9A19103F-16F7-4668-BE54-9A1E7A4F7556}") = "NetDevPack", "src\NetDevPack\NetDevPack.csproj", "{2BDAA53D-BAFA-4C5E-A25C-55D3EF5CC371}"
EndProject
Project("{9A19103F-16F7-4668-BE54-9A1E7A4F7556}") = "NetDevPackBr", "src\NetDevPackBr\NetDevPackBr.csproj", "{03A67078-FA6A-4D38-AB9A-52B56647AA60}"
EndProject
Project("{FAE04EC0-301F-11D3-BF4B-00C04F79EFBC}") = "NetDevPack.Identity", "src\NetDevPack.Identity.Jwt\NetDevPack.Identity.csproj", "{BE26E955-226B-4F04-92BD-56B588FCFBAB}"
EndProject
Project("{2150E333-8FDC-42A3-9474-1A3956D46DE8}") = "Samples", "Samples", "{0DF90FE2-7D71-4774-8DAC-FC7132D99089}"
EndProject
Project("{2150E333-8FDC-42A3-9474-1A3956D46DE8}") = "Packs", "Packs", "{7239320A-3A86-4647-A865-561429C8CB25}"
EndProject
Project("{FAE04EC0-301F-11D3-BF4B-00C04F79EFBC}") = "AspNetCore.Jwt.Sample", "src\Samples\AspNetCore.Jwt.Sample\AspNetCore.Jwt.Sample.csproj", "{FD31DFA7-AE7B-497C-A0E0-3AE9E661493D}"
EndProject
Global
	GlobalSection(SolutionConfigurationPlatforms) = preSolution
		Debug|Any CPU = Debug|Any CPU
		Release|Any CPU = Release|Any CPU
	EndGlobalSection
	GlobalSection(ProjectConfigurationPlatforms) = postSolution
		{2BDAA53D-BAFA-4C5E-A25C-55D3EF5CC371}.Debug|Any CPU.ActiveCfg = Debug|Any CPU
		{2BDAA53D-BAFA-4C5E-A25C-55D3EF5CC371}.Debug|Any CPU.Build.0 = Debug|Any CPU
		{2BDAA53D-BAFA-4C5E-A25C-55D3EF5CC371}.Release|Any CPU.ActiveCfg = Release|Any CPU
		{2BDAA53D-BAFA-4C5E-A25C-55D3EF5CC371}.Release|Any CPU.Build.0 = Release|Any CPU
		{03A67078-FA6A-4D38-AB9A-52B56647AA60}.Debug|Any CPU.ActiveCfg = Debug|Any CPU
		{03A67078-FA6A-4D38-AB9A-52B56647AA60}.Debug|Any CPU.Build.0 = Debug|Any CPU
		{03A67078-FA6A-4D38-AB9A-52B56647AA60}.Release|Any CPU.ActiveCfg = Release|Any CPU
		{03A67078-FA6A-4D38-AB9A-52B56647AA60}.Release|Any CPU.Build.0 = Release|Any CPU
		{BE26E955-226B-4F04-92BD-56B588FCFBAB}.Debug|Any CPU.ActiveCfg = Debug|Any CPU
		{BE26E955-226B-4F04-92BD-56B588FCFBAB}.Debug|Any CPU.Build.0 = Debug|Any CPU
		{BE26E955-226B-4F04-92BD-56B588FCFBAB}.Release|Any CPU.ActiveCfg = Release|Any CPU
		{BE26E955-226B-4F04-92BD-56B588FCFBAB}.Release|Any CPU.Build.0 = Release|Any CPU
		{FD31DFA7-AE7B-497C-A0E0-3AE9E661493D}.Debug|Any CPU.ActiveCfg = Debug|Any CPU
		{FD31DFA7-AE7B-497C-A0E0-3AE9E661493D}.Debug|Any CPU.Build.0 = Debug|Any CPU
		{FD31DFA7-AE7B-497C-A0E0-3AE9E661493D}.Release|Any CPU.ActiveCfg = Release|Any CPU
		{FD31DFA7-AE7B-497C-A0E0-3AE9E661493D}.Release|Any CPU.Build.0 = Release|Any CPU
	EndGlobalSection
	GlobalSection(SolutionProperties) = preSolution
		HideSolutionNode = FALSE
	EndGlobalSection
	GlobalSection(NestedProjects) = preSolution
		{2BDAA53D-BAFA-4C5E-A25C-55D3EF5CC371} = {7239320A-3A86-4647-A865-561429C8CB25}
		{03A67078-FA6A-4D38-AB9A-52B56647AA60} = {7239320A-3A86-4647-A865-561429C8CB25}
		{BE26E955-226B-4F04-92BD-56B588FCFBAB} = {7239320A-3A86-4647-A865-561429C8CB25}
		{FD31DFA7-AE7B-497C-A0E0-3AE9E661493D} = {0DF90FE2-7D71-4774-8DAC-FC7132D99089}
	EndGlobalSection
	GlobalSection(ExtensibilityGlobals) = postSolution
		SolutionGuid = {8604AF4F-D17A-4FDE-A122-1A9914B0B78D}
	EndGlobalSection
EndGlobal
