
Microsoft Visual Studio Solution File, Format Version 12.00
# Visual Studio Version 16
VisualStudioVersion = 16.0.30011.22
MinimumVisualStudioVersion = 10.0.40219.1
Project("{FAE04EC0-301F-11D3-BF4B-00C04F79EFBC}") = "NetDevPack", "src\NetDevPack\NetDevPack.csproj", "{2BDAA53D-BAFA-4C5E-A25C-55D3EF5CC371}"
EndProject
Project("{FAE04EC0-301F-11D3-BF4B-00C04F79EFBC}") = "NetDevPackBr", "src\NetDevPackBr\NetDevPackBr.csproj", "{03A67078-FA6A-4D38-AB9A-52B56647AA60}"
EndProject
Global
	GlobalSection(SolutionConfigurationPlatforms) = preSolution
		Debug|Any CPU = Debug|Any CPU
		Release|Any CPU = Release|Any CPU
	EndGlobalSection
	GlobalSection(ProjectConfigurationPlatforms) = postSolution
		{2BDAA53D-BAFA-4C5E-A25C-55D3EF5CC371}.Debug|Any CPU.ActiveCfg = Debug|Any CPU
		{2BDAA53D-BAFA-4C5E-A25C-55D3EF5CC371}.Debug|Any CPU.Build.0 = Debug|Any CPU
		{2BDAA53D-BAFA-4C5E-A25C-55D3EF5CC371}.Release|Any CPU.ActiveCfg = Release|Any CPU
		{2BDAA53D-BAFA-4C5E-A25C-55D3EF5CC371}.Release|Any CPU.Build.0 = Release|Any CPU
		{03A67078-FA6A-4D38-AB9A-52B56647AA60}.Debug|Any CPU.ActiveCfg = Debug|Any CPU
		{03A67078-FA6A-4D38-AB9A-52B56647AA60}.Debug|Any CPU.Build.0 = Debug|Any CPU
		{03A67078-FA6A-4D38-AB9A-52B56647AA60}.Release|Any CPU.ActiveCfg = Release|Any CPU
		{03A67078-FA6A-4D38-AB9A-52B56647AA60}.Release|Any CPU.Build.0 = Release|Any CPU
	EndGlobalSection
	GlobalSection(SolutionProperties) = preSolution
		HideSolutionNode = FALSE
	EndGlobalSection
	GlobalSection(ExtensibilityGlobals) = postSolution
		SolutionGuid = {8604AF4F-D17A-4FDE-A122-1A9914B0B78D}
	EndGlobalSection
EndGlobal
